
Microsoft Visual Studio Solution File, Format Version 12.00
# Visual Studio 2013
VisualStudioVersion = 12.0.21005.1
MinimumVisualStudioVersion = 10.0.40219.1
Project("{FAE04EC0-301F-11D3-BF4B-00C04F79EFBC}") = "CourseWork", "CourseWork\CourseWork.csproj", "{0AB41C20-F187-4773-A147-07213DAD8382}"
EndProject
Project("{00D1A9C2-B5F0-4AF3-8072-F6C62B433612}") = "CityLibrary", "C:\Program Files\Microsoft SQL Server\MSSQL12.MSSQLSERVER\MSSQL\DATA\CityLibrary\CityLibrary.sqlproj", "{D34D05FA-816F-45A2-9123-0EDA3A6F0A80}"
EndProject
Global
	GlobalSection(SolutionConfigurationPlatforms) = preSolution
		Debug|Any CPU = Debug|Any CPU
		Release|Any CPU = Release|Any CPU
	EndGlobalSection
	GlobalSection(ProjectConfigurationPlatforms) = postSolution
		{0AB41C20-F187-4773-A147-07213DAD8382}.Debug|Any CPU.ActiveCfg = Debug|Any CPU
		{0AB41C20-F187-4773-A147-07213DAD8382}.Debug|Any CPU.Build.0 = Debug|Any CPU
		{0AB41C20-F187-4773-A147-07213DAD8382}.Release|Any CPU.ActiveCfg = Release|Any CPU
		{0AB41C20-F187-4773-A147-07213DAD8382}.Release|Any CPU.Build.0 = Release|Any CPU
		{D34D05FA-816F-45A2-9123-0EDA3A6F0A80}.Debug|Any CPU.ActiveCfg = Debug|Any CPU
		{D34D05FA-816F-45A2-9123-0EDA3A6F0A80}.Debug|Any CPU.Build.0 = Debug|Any CPU
		{D34D05FA-816F-45A2-9123-0EDA3A6F0A80}.Debug|Any CPU.Deploy.0 = Debug|Any CPU
		{D34D05FA-816F-45A2-9123-0EDA3A6F0A80}.Release|Any CPU.ActiveCfg = Release|Any CPU
		{D34D05FA-816F-45A2-9123-0EDA3A6F0A80}.Release|Any CPU.Build.0 = Release|Any CPU
		{D34D05FA-816F-45A2-9123-0EDA3A6F0A80}.Release|Any CPU.Deploy.0 = Release|Any CPU
	EndGlobalSection
	GlobalSection(SolutionProperties) = preSolution
		HideSolutionNode = FALSE
	EndGlobalSection
EndGlobal
